github.com/wberry-godaddy/switchboard-poc-natives/darwin v0.2.1 h1:KeclW+EgoazI0JS0C2+Kb0/LK9gR9aAZRVXKBhp7y+0=
github.com/wberry-godaddy/switchboard-poc-natives/darwin v0.2.1/go.mod h1:JyXVftMVrlRIT2q0B1bCbGTTiEvfxtLecPTyPFGzQn0=
github.com/wberry-godaddy/switchboard-poc-natives/linux v0.2.1 h1:1PwduxGEndmj/AWayt5cdEgkv2CrMQjediz6FXjo2OI=
github.com/wberry-godaddy/switchboard-poc-natives/linux v0.2.1/go.mod h1:iKEB9chfiu885K054sQOfl8Lr5nbXhyrMAOuCTqRaCY=
github.com/wberry-godaddy/switchboard-poc-natives/linux-musl v0.2.1 h1:gEBd2+ULBw/2VaNJA8PSEFgc5cIH6iGHZxuM44vbA4A=
github.com/wberry-godaddy/switchboard-poc-natives/linux-musl v0.2.1/go.mod h1:E/Zfkr4CzGF7YrxSp44VSNAy5HWl3Os/4gFcIttBrBc=
github.com/wberry-godaddy/switchboard-poc-natives/windows v0.2.1 h1:j0vQEqnDeQVcOi9RTzxwj/7XZr/Moo64386nvI5uli0=
github.com/wberry-godaddy/switchboard-poc-natives/windows v0.2.1/go.mod h1:X3IxRSbkkNNvJm2/wxUenkX2bQ2xBYqASLvnF84GOtU=
