github.com/wberry-godaddy/switchboard-poc-natives/darwin v0.2.2 h1:n/xJY2abHKyBWtb6/6Pb/l25aFVnT0wadaCEeLN5Law=
github.com/wberry-godaddy/switchboard-poc-natives/darwin v0.2.2/go.mod h1:JyXVftMVrlRIT2q0B1bCbGTTiEvfxtLecPTyPFGzQn0=
github.com/wberry-godaddy/switchboard-poc-natives/linux v0.2.2 h1:QhA/u1NF6t0XROn6lV5e6jDd0L06WJLTqXKqkCtIgYo=
github.com/wberry-godaddy/switchboard-poc-natives/linux v0.2.2/go.mod h1:iKEB9chfiu885K054sQOfl8Lr5nbXhyrMAOuCTqRaCY=
github.com/wberry-godaddy/switchboard-poc-natives/linux-musl v0.2.2 h1:6rBYW/rzYl1kkKuYtO/eHJb5CkoFad/oSf5aIYbwVVE=
github.com/wberry-godaddy/switchboard-poc-natives/linux-musl v0.2.2/go.mod h1:E/Zfkr4CzGF7YrxSp44VSNAy5HWl3Os/4gFcIttBrBc=
github.com/wberry-godaddy/switchboard-poc-natives/windows v0.2.2 h1:GrdT2XJ56WTuXuAgy/Hhe+/qS2mV89lg93u9GVMakQc=
github.com/wberry-godaddy/switchboard-poc-natives/windows v0.2.2/go.mod h1:X3IxRSbkkNNvJm2/wxUenkX2bQ2xBYqASLvnF84GOtU=
